{
  "requires": true,
  "lockfileVersion": 1,
  "dependencies": {
    "dijit": {
      "version": "1.14.2",
      "resolved": "https://registry.npmjs.org/dijit/-/dijit-1.14.2.tgz",
      "integrity": "sha512-T/jEhBVpGdU3ruw5K68S8qn8VCjn1Pv/2fC4g0QJjPD0VgxOV9BvXdjo8Fjpv5AQ69PEUdZijHrSTTcPwIo7bg==",
      "requires": {
        "dojo": "1.14.2"
      }
    },
    "dojo": {
      "version": "1.14.2",
      "resolved": "https://registry.npmjs.org/dojo/-/dojo-1.14.2.tgz",
      "integrity": "sha512-TI+Ytgfh/VfmHWERp45Jte6NFMdoJTPsvUP/uzJUvAXET8FP2h442LePWWJ/q/xZ4V0V8OtdJhx8It/GB+Zbxg=="
    },
    "dojox": {
      "version": "1.14.2",
      "resolved": "https://registry.npmjs.org/dojox/-/dojox-1.14.2.tgz",
      "integrity": "sha512-IOFzVbTGTXEUWskPPL1tEuVU20ANErgRcgjiSq/rY4K3m37L0h7t9k0NRr+vSO2vJH5u3IswvVH23GUrYEDnwg==",
      "requires": {
        "dijit": "1.14.2",
        "dojo": "1.14.2"
      }
    }
  }
}
